
Microsoft Visual Studio Solution File, Format Version 12.00
# Visual Studio Version 17
VisualStudioVersion = 17.14.37027.9 d17.14
MinimumVisualStudioVersion = 10.0.40219.1
Project("{FAE04EC0-301F-11D3-BF4B-00C04F79EFBC}") = "SplitmateAPI", "SplitmateAPI.csproj", "{25DAFC92-44D0-4DF9-8BE3-EBC1BF3673EA}"
EndProject
Global
	GlobalSection(SolutionConfigurationPlatforms) = preSolution
		Debug|Any CPU = Debug|Any CPU
		Release|Any CPU = Release|Any CPU
	EndGlobalSection
	GlobalSection(ProjectConfigurationPlatforms) = postSolution
		{25DAFC92-44D0-4DF9-8BE3-EBC1BF3673EA}.Debug|Any CPU.ActiveCfg = Debug|Any CPU
		{25DAFC92-44D0-4DF9-8BE3-EBC1BF3673EA}.Debug|Any CPU.Build.0 = Debug|Any CPU
		{25DAFC92-44D0-4DF9-8BE3-EBC1BF3673EA}.Release|Any CPU.ActiveCfg = Release|Any CPU
		{25DAFC92-44D0-4DF9-8BE3-EBC1BF3673EA}.Release|Any CPU.Build.0 = Release|Any CPU
	EndGlobalSection
	GlobalSection(SolutionProperties) = preSolution
		HideSolutionNode = FALSE
	EndGlobalSection
	GlobalSection(ExtensibilityGlobals) = postSolution
		SolutionGuid = {9A34370B-470C-4F52-A98B-32470AE13CF3}
	EndGlobalSection
EndGlobal
